{
  "version": 4,
  "terraform_version": "0.14.5",
  "serial": 470,
  "lineage": "00ebec8e-772e-dff1-1dfb-3488a4115cf1",
  "outputs": {
    "backup1": {
      "value": "185.177.93.152",
      "type": "string"
    },
    "nextcloud_web": {
      "value": "ip-185-177-93-211.ah-server.com",
      "type": "string"
    },
    "nomad-clients": {
      "value": [
        "185.177.94.119",
        "185.177.94.115",
        "185.177.93.211"
      ],
      "type": [
        "tuple",
        [
          "string",
          "string",
          "string"
        ]
      ]
    },
    "nomad-servers": {
      "value": [
        "185.177.94.69",
        "185.177.94.74",
        "185.177.94.24"
      ],
      "type": [
        "tuple",
        [
          "string",
          "string",
          "string"
        ]
      ]
    }
  },
  "resources": [
    {
      "mode": "managed",
      "type": "ah_cloud_server",
      "name": "backup",
      "provider": "provider[\"registry.terraform.io/advancedhosting/ah\"]",
      "instances": [
        {
          "schema_version": 0,
          "attributes": {
            "backups": false,
            "create_public_ip_address": true,
            "created_at": "2021-09-06T07:06:38.886Z",
            "datacenter": "ams1",
            "disk": 12,
            "id": "773dc67f-b985-4b04-8838-3254c7c7547c",
            "image": "ubuntu-20_04-x64",
            "ips": [
              {
                "assignment_id": "c99c67e4-86e3-4233-b501-80430d1ce06c",
                "ip_address": "185.177.93.152",
                "primary": true,
                "reverse_dns": "ip-185-177-93-152.ah-server.com",
                "type": "public"
              }
            ],
            "name": "backup",
            "product": "start-xs",
            "ram": 1024,
            "ssh_keys": [
              "08:be:c7:62:fb:3c:b0:1f:3d:47:46:8c:8f:57:f2:8b"
            ],
            "state": "running",
            "use_password": true,
            "vcpu": 1
          },
          "sensitive_attributes": [],
          "private": "bnVsbA==",
          "dependencies": [
            "ah_private_network.example"
          ]
        }
      ]
    },
    {
      "mode": "managed",
      "type": "ah_cloud_server",
      "name": "nomad",
      "provider": "provider[\"registry.terraform.io/advancedhosting/ah\"]",
      "instances": [
        {
          "index_key": 0,
          "schema_version": 0,
          "attributes": {
            "backups": false,
            "create_public_ip_address": true,
            "created_at": "2021-09-06T07:06:39.253Z",
            "datacenter": "ams1",
            "disk": 80,
            "id": "d56147b9-1e20-40de-855e-d1b41052bd9c",
            "image": "ubuntu-20_04-x64",
            "ips": [
              {
                "assignment_id": "9cc68e20-5a98-4095-85a8-5f765ca6ebaf",
                "ip_address": "185.177.94.119",
                "primary": true,
                "reverse_dns": "ip-185-177-94-119.ah-server.com",
                "type": "public"
              }
            ],
            "name": "nomad1",
            "product": "smart-xs",
            "ram": 8192,
            "ssh_keys": [
              "08:be:c7:62:fb:3c:b0:1f:3d:47:46:8c:8f:57:f2:8b"
            ],
            "state": "running",
            "use_password": true,
            "vcpu": 4
          },
          "sensitive_attributes": [],
          "private": "bnVsbA==",
          "dependencies": [
            "ah_private_network.example"
          ]
        },
        {
          "index_key": 1,
          "schema_version": 0,
          "attributes": {
            "backups": false,
            "create_public_ip_address": true,
            "created_at": "2021-09-06T07:06:40.025Z",
            "datacenter": "ams1",
            "disk": 80,
            "id": "c0bdb596-46d6-467c-a7c8-98e45afa94f0",
            "image": "ubuntu-20_04-x64",
            "ips": [
              {
                "assignment_id": "4070d60a-3d0e-449a-a9db-9cb97916c337",
                "ip_address": "185.177.94.115",
                "primary": true,
                "reverse_dns": "ip-185-177-94-115.ah-server.com",
                "type": "public"
              }
            ],
            "name": "nomad2",
            "product": "smart-xs",
            "ram": 8192,
            "ssh_keys": [
              "08:be:c7:62:fb:3c:b0:1f:3d:47:46:8c:8f:57:f2:8b"
            ],
            "state": "running",
            "use_password": true,
            "vcpu": 4
          },
          "sensitive_attributes": [],
          "private": "bnVsbA==",
          "dependencies": [
            "ah_private_network.example"
          ]
        },
        {
          "index_key": 2,
          "schema_version": 0,
          "attributes": {
            "backups": false,
            "create_public_ip_address": true,
            "created_at": "2021-09-06T07:06:39.621Z",
            "datacenter": "ams1",
            "disk": 80,
            "id": "ecda7ca3-77e5-40a6-9596-77f888556963",
            "image": "ubuntu-20_04-x64",
            "ips": [
              {
                "assignment_id": "001cd6b3-73d0-4e36-b4e2-02fc1a2efbc1",
                "ip_address": "185.177.93.211",
                "primary": true,
                "reverse_dns": "ip-185-177-93-211.ah-server.com",
                "type": "public"
              }
            ],
            "name": "nomad3",
            "product": "smart-xs",
            "ram": 8192,
            "ssh_keys": [
              "08:be:c7:62:fb:3c:b0:1f:3d:47:46:8c:8f:57:f2:8b"
            ],
            "state": "running",
            "use_password": true,
            "vcpu": 4
          },
          "sensitive_attributes": [],
          "private": "bnVsbA==",
          "dependencies": [
            "ah_private_network.example"
          ]
        }
      ]
    },
    {
      "mode": "managed",
      "type": "ah_cloud_server",
      "name": "nomad-server",
      "provider": "provider[\"registry.terraform.io/advancedhosting/ah\"]",
      "instances": [
        {
          "index_key": 0,
          "schema_version": 0,
          "attributes": {
            "backups": false,
            "create_public_ip_address": true,
            "created_at": "2021-09-06T07:06:40.794Z",
            "datacenter": "ams1",
            "disk": 12,
            "id": "267b76bb-bb3f-47db-9cb4-13479d3d96a0",
            "image": "ubuntu-20_04-x64",
            "ips": [
              {
                "assignment_id": "179feb97-797d-4ba7-a1b0-38ca71773220",
                "ip_address": "185.177.94.69",
                "primary": true,
                "reverse_dns": "ip-185-177-94-69.ah-server.com",
                "type": "public"
              }
            ],
            "name": "nomad-server1",
            "product": "start-xs",
            "ram": 1024,
            "ssh_keys": [
              "08:be:c7:62:fb:3c:b0:1f:3d:47:46:8c:8f:57:f2:8b"
            ],
            "state": "running",
            "use_password": true,
            "vcpu": 1
          },
          "sensitive_attributes": [],
          "private": "bnVsbA==",
          "dependencies": [
            "ah_private_network.example"
          ]
        },
        {
          "index_key": 1,
          "schema_version": 0,
          "attributes": {
            "backups": false,
            "create_public_ip_address": true,
            "created_at": "2021-09-06T07:06:41.135Z",
            "datacenter": "ams1",
            "disk": 12,
            "id": "5a74beef-ea62-42a2-be63-8d01e5a5cd92",
            "image": "ubuntu-20_04-x64",
            "ips": [
              {
                "assignment_id": "9a073132-7657-4e6d-80a6-a966b302dee3",
                "ip_address": "185.177.94.74",
                "primary": true,
                "reverse_dns": "ip-185-177-94-74.ah-server.com",
                "type": "public"
              }
            ],
            "name": "nomad-server2",
            "product": "start-xs",
            "ram": 1024,
            "ssh_keys": [
              "08:be:c7:62:fb:3c:b0:1f:3d:47:46:8c:8f:57:f2:8b"
            ],
            "state": "running",
            "use_password": true,
            "vcpu": 1
          },
          "sensitive_attributes": [],
          "private": "bnVsbA==",
          "dependencies": [
            "ah_private_network.example"
          ]
        },
        {
          "index_key": 2,
          "schema_version": 0,
          "attributes": {
            "backups": false,
            "create_public_ip_address": true,
            "created_at": "2021-09-06T07:06:40.409Z",
            "datacenter": "ams1",
            "disk": 12,
            "id": "086253ab-0c44-4b30-a4ab-c1e7f07bd332",
            "image": "ubuntu-20_04-x64",
            "ips": [
              {
                "assignment_id": "b980743d-6466-4838-8321-64caed319f2e",
                "ip_address": "185.177.94.24",
                "primary": true,
                "reverse_dns": "ip-185-177-94-24.ah-server.com",
                "type": "public"
              }
            ],
            "name": "nomad-server3",
            "product": "start-xs",
            "ram": 1024,
            "ssh_keys": [
              "08:be:c7:62:fb:3c:b0:1f:3d:47:46:8c:8f:57:f2:8b"
            ],
            "state": "running",
            "use_password": true,
            "vcpu": 1
          },
          "sensitive_attributes": [],
          "private": "bnVsbA==",
          "dependencies": [
            "ah_private_network.example"
          ]
        }
      ]
    },
    {
      "mode": "managed",
      "type": "ah_private_network",
      "name": "example",
      "provider": "provider[\"registry.terraform.io/advancedhosting/ah\"]",
      "instances": [
        {
          "schema_version": 0,
          "attributes": {
            "created_at": "2021-09-06T07:06:35.936Z",
            "id": "e80bfacd-89fa-4336-9015-9cce15ef6ba4",
            "ip_range": "192.168.2.0/24",
            "name": "LAN for cluster1",
            "state": "active"
          },
          "sensitive_attributes": [],
          "private": "bnVsbA=="
        }
      ]
    },
    {
      "mode": "managed",
      "type": "ah_private_network_connection",
      "name": "backup1",
      "provider": "provider[\"registry.terraform.io/advancedhosting/ah\"]",
      "instances": [
        {
          "schema_version": 0,
          "attributes": {
            "cloud_server_id": "773dc67f-b985-4b04-8838-3254c7c7547c",
            "id": "69b29fbe-c003-42a1-9bcd-f1ecc2c8874b",
            "ip_address": "192.168.2.30",
            "private_network_id": "e80bfacd-89fa-4336-9015-9cce15ef6ba4"
          },
          "sensitive_attributes": [],
          "private": "bnVsbA==",
          "dependencies": [
            "ah_cloud_server.backup",
            "ah_private_network.example"
          ]
        }
      ]
    },
    {
      "mode": "managed",
      "type": "ah_private_network_connection",
      "name": "nomad-client1",
      "provider": "provider[\"registry.terraform.io/advancedhosting/ah\"]",
      "instances": [
        {
          "index_key": 0,
          "schema_version": 0,
          "attributes": {
            "cloud_server_id": "d56147b9-1e20-40de-855e-d1b41052bd9c",
            "id": "635a50d7-dbfd-4104-b29b-fcab1c62558b",
            "ip_address": "192.168.2.11",
            "private_network_id": "e80bfacd-89fa-4336-9015-9cce15ef6ba4"
          },
          "sensitive_attributes": [],
          "private": "bnVsbA==",
          "dependencies": [
            "ah_cloud_server.nomad",
            "ah_private_network.example"
          ]
        },
        {
          "index_key": 1,
          "schema_version": 0,
          "attributes": {
            "cloud_server_id": "c0bdb596-46d6-467c-a7c8-98e45afa94f0",
            "id": "6286b81c-60c6-4fb6-86de-08f5a5fa4a70",
            "ip_address": "192.168.2.12",
            "private_network_id": "e80bfacd-89fa-4336-9015-9cce15ef6ba4"
          },
          "sensitive_attributes": [],
          "private": "bnVsbA==",
          "dependencies": [
            "ah_cloud_server.nomad",
            "ah_private_network.example"
          ]
        },
        {
          "index_key": 2,
          "schema_version": 0,
          "attributes": {
            "cloud_server_id": "ecda7ca3-77e5-40a6-9596-77f888556963",
            "id": "57c39565-3b3c-494d-bbd5-9efc7856f7b3",
            "ip_address": "192.168.2.13",
            "private_network_id": "e80bfacd-89fa-4336-9015-9cce15ef6ba4"
          },
          "sensitive_attributes": [],
          "private": "bnVsbA==",
          "dependencies": [
            "ah_cloud_server.nomad",
            "ah_private_network.example"
          ]
        }
      ]
    },
    {
      "mode": "managed",
      "type": "ah_private_network_connection",
      "name": "nomad-server1",
      "provider": "provider[\"registry.terraform.io/advancedhosting/ah\"]",
      "instances": [
        {
          "index_key": 0,
          "schema_version": 0,
          "attributes": {
            "cloud_server_id": "267b76bb-bb3f-47db-9cb4-13479d3d96a0",
            "id": "f926aba8-f8cc-45ca-beee-43e8b61ce8f7",
            "ip_address": "192.168.2.21",
            "private_network_id": "e80bfacd-89fa-4336-9015-9cce15ef6ba4"
          },
          "sensitive_attributes": [],
          "private": "bnVsbA==",
          "dependencies": [
            "ah_cloud_server.nomad-server",
            "ah_private_network.example"
          ]
        },
        {
          "index_key": 1,
          "schema_version": 0,
          "attributes": {
            "cloud_server_id": "5a74beef-ea62-42a2-be63-8d01e5a5cd92",
            "id": "95169b89-576f-43f1-a99c-ee06c8ca80cd",
            "ip_address": "192.168.2.22",
            "private_network_id": "e80bfacd-89fa-4336-9015-9cce15ef6ba4"
          },
          "sensitive_attributes": [],
          "private": "bnVsbA==",
          "dependencies": [
            "ah_cloud_server.nomad-server",
            "ah_private_network.example"
          ]
        },
        {
          "index_key": 2,
          "schema_version": 0,
          "attributes": {
            "cloud_server_id": "086253ab-0c44-4b30-a4ab-c1e7f07bd332",
            "id": "9748d25b-fe9b-4180-ad49-0dc5d4b835a2",
            "ip_address": "192.168.2.23",
            "private_network_id": "e80bfacd-89fa-4336-9015-9cce15ef6ba4"
          },
          "sensitive_attributes": [],
          "private": "bnVsbA==",
          "dependencies": [
            "ah_cloud_server.nomad-server",
            "ah_private_network.example"
          ]
        }
      ]
    },
    {
      "mode": "managed",
      "type": "ah_volume",
      "name": "hdd-backup",
      "provider": "provider[\"registry.terraform.io/advancedhosting/ah\"]",
      "instances": [
        {
          "schema_version": 0,
          "attributes": {
            "created_at": "2021-09-06T07:06:35.925Z",
            "file_system": "ext4",
            "id": "461edf34-47f9-4987-8333-79e5b342d219",
            "name": "hdd-backup",
            "origin_volume_id": null,
            "product": "hdd2-ams1",
            "size": 100,
            "state": "ready"
          },
          "sensitive_attributes": [],
          "private": "bnVsbA=="
        }
      ]
    },
    {
      "mode": "managed",
      "type": "ah_volume_attachment",
      "name": "backup",
      "provider": "provider[\"registry.terraform.io/advancedhosting/ah\"]",
      "instances": [
        {
          "schema_version": 0,
          "attributes": {
            "cloud_server_id": "773dc67f-b985-4b04-8838-3254c7c7547c",
            "id": "80d7cd41-7e1b-4a6f-bacb-699b37c2b658",
            "state": "attached",
            "volume_id": "461edf34-47f9-4987-8333-79e5b342d219"
          },
          "sensitive_attributes": [],
          "private": "bnVsbA==",
          "dependencies": [
            "ah_cloud_server.backup",
            "ah_private_network.example",
            "ah_volume.hdd-backup"
          ]
        }
      ]
    },
    {
      "mode": "managed",
      "type": "local_file",
      "name": "AnsibleInventory",
      "provider": "provider[\"registry.terraform.io/hashicorp/local\"]",
      "instances": [
        {
          "schema_version": 0,
          "attributes": {
            "content": "[nomad_clients]\nnomad1 ansible_host=185.177.94.119 ansible_name=nomad1 local_ip=192.168.2.11\nnomad2 ansible_host=185.177.94.115 ansible_name=nomad2 local_ip=192.168.2.12\nnomad3 ansible_host=185.177.93.211 ansible_name=nomad3 local_ip=192.168.2.13\n\n[nomad_servers]\nnomad-server1 ansible_host=185.177.94.69 ansible_name=nomad-server1 local_ip=192.168.2.21 priority=100 state=MASTER\nnomad-server2 ansible_host=185.177.94.74 ansible_name=nomad-server2 local_ip=192.168.2.22 priority=200 state=BACKUP\nnomad-server3 ansible_host=185.177.94.24 ansible_name=nomad-server3 local_ip=192.168.2.23 priority=200 state=BACKUP\n\n[other]\nbackup1 ansible_host=185.177.93.152 ansible_name=backup1 local_ip=192.168.2.30",
            "content_base64": null,
            "directory_permission": "0777",
            "file_permission": "0777",
            "filename": "hosts",
            "id": "b3a1988e34503509b72a736dd7f7b3d3bb36e13d",
            "sensitive_content": null,
            "source": null
          },
          "sensitive_attributes": [],
          "private": "bnVsbA==",
          "dependencies": [
            "ah_cloud_server.backup",
            "ah_cloud_server.nomad",
            "ah_cloud_server.nomad-server",
            "ah_private_network.example"
          ]
        }
      ]
    }
  ]
}
